
Microsoft Visual Studio Solution File, Format Version 12.00
# Visual Studio Version 17
VisualStudioVersion = 17.8.34330.188
MinimumVisualStudioVersion = 10.0.40219.1
Project("{FAE04EC0-301F-11D3-BF4B-00C04F79EFBC}") = "Data", "Data\Data.csproj", "{40B86A6D-6782-4333-8DE8-5C08074B8EAD}"
EndProject
Global
	GlobalSection(SolutionConfigurationPlatforms) = preSolution
		Debug|Any CPU = Debug|Any CPU
		Release|Any CPU = Release|Any CPU
	EndGlobalSection
	GlobalSection(ProjectConfigurationPlatforms) = postSolution
		{40B86A6D-6782-4333-8DE8-5C08074B8EAD}.Debug|Any CPU.ActiveCfg = Debug|Any CPU
		{40B86A6D-6782-4333-8DE8-5C08074B8EAD}.Debug|Any CPU.Build.0 = Debug|Any CPU
		{40B86A6D-6782-4333-8DE8-5C08074B8EAD}.Release|Any CPU.ActiveCfg = Release|Any CPU
		{40B86A6D-6782-4333-8DE8-5C08074B8EAD}.Release|Any CPU.Build.0 = Release|Any CPU
	EndGlobalSection
	GlobalSection(SolutionProperties) = preSolution
		HideSolutionNode = FALSE
	EndGlobalSection
	GlobalSection(ExtensibilityGlobals) = postSolution
		SolutionGuid = {E57CB2C8-A037-4254-9AF6-45BC463F728C}
	EndGlobalSection
EndGlobal
